// !$*UTF8*$!
{
	archiveVersion = 1;
	classes = {
	};
	objectVersion = 52;
	objects = {

/* Begin PBXBuildFile section */
		1702AC40232E280000CFC89A /* CategoryViewController.swift in Sources */ = {isa = PBXBuildFile; fileRef = 1702AC3F232E280000CFC89A /* CategoryViewController.swift */; };
		1723A0E8232CB724007AE0CE /* AppDelegate.swift in Sources */ = {isa = PBXBuildFile; fileRef = 1723A0E7232CB724007AE0CE /* AppDelegate.swift */; };
		1723A0EA232CB724007AE0CE /* SceneDelegate.swift in Sources */ = {isa = PBXBuildFile; fileRef = 1723A0E9232CB724007AE0CE /* SceneDelegate.swift */; };
		1723A0EC232CB724007AE0CE /* ViewController.swift in Sources */ = {isa = PBXBuildFile; fileRef = 1723A0EB232CB724007AE0CE /* ViewController.swift */; };
		1723A0EF232CB724007AE0CE /* Main.storyboard in Resources */ = {isa = PBXBuildFile; fileRef = 1723A0ED232CB724007AE0CE /* Main.storyboard */; };
		1723A0F1232CB726007AE0CE /* Assets.xcassets in Resources */ = {isa = PBXBuildFile; fileRef = 1723A0F0232CB726007AE0CE /* Assets.xcassets */; };
		1723A0F4232CB726007AE0CE /* LaunchScreen.storyboard in Resources */ = {isa = PBXBuildFile; fileRef = 1723A0F2232CB726007AE0CE /* LaunchScreen.storyboard */; };
		1723A102232D21D9007AE0CE /* EventView.xib in Resources */ = {isa = PBXBuildFile; fileRef = 1723A101232D21D9007AE0CE /* EventView.xib */; };
		1723A104232D222E007AE0CE /* EventView.swift in Sources */ = {isa = PBXBuildFile; fileRef = 1723A103232D222E007AE0CE /* EventView.swift */; };
		1723A106232D2B7C007AE0CE /* resturant.jpg in Resources */ = {isa = PBXBuildFile; fileRef = 1723A105232D2B7B007AE0CE /* resturant.jpg */; };
		174BCFB9232D67EB004D5F3A /* DetailViewController.swift in Sources */ = {isa = PBXBuildFile; fileRef = 174BCFB8232D67EB004D5F3A /* DetailViewController.swift */; };
		174BCFBB232D7023004D5F3A /* UICornerRadiusView.swift in Sources */ = {isa = PBXBuildFile; fileRef = 174BCFBA232D7023004D5F3A /* UICornerRadiusView.swift */; };
		17CD12DB232D3A3500DCCAD0 /* ARCL in Frameworks */ = {isa = PBXBuildFile; productRef = 17CD12DA232D3A3500DCCAD0 /* ARCL */; };
		17CD12DD232D597900DCCAD0 /* UISwitchTintable.swift in Sources */ = {isa = PBXBuildFile; fileRef = 17CD12DC232D597900DCCAD0 /* UISwitchTintable.swift */; };
		17CD12DF232D5DC400DCCAD0 /* GoogleService-Info.plist in Resources */ = {isa = PBXBuildFile; fileRef = 17CD12DE232D5DC400DCCAD0 /* GoogleService-Info.plist */; };
		17E2E6C6232D8DA0006B22FF /* e7.jpg in Resources */ = {isa = PBXBuildFile; fileRef = 17E2E6C5232D8DA0006B22FF /* e7.jpg */; };
		17E2E6C8232D903A006B22FF /* DataManager.swift in Sources */ = {isa = PBXBuildFile; fileRef = 17E2E6C7232D903A006B22FF /* DataManager.swift */; };
		B999E695AF9C314834A32753 /* Pods_Wander.framework in Frameworks */ = {isa = PBXBuildFile; fileRef = 13C54C70AD1F5B0F43846334 /* Pods_Wander.framework */; };
/* End PBXBuildFile section */

/* Begin PBXFileReference section */
		13C54C70AD1F5B0F43846334 /* Pods_Wander.framework */ = {isa = PBXFileReference; explicitFileType = wrapper.framework; includeInIndex = 0; path = Pods_Wander.framework; sourceTree = BUILT_PRODUCTS_DIR; };
		1702AC3F232E280000CFC89A /* CategoryViewController.swift */ = {isa = PBXFileReference; lastKnownFileType = sourcecode.swift; path = CategoryViewController.swift; sourceTree = "<group>"; };
		1723A0E4232CB724007AE0CE /* Wander.app */ = {isa = PBXFileReference; explicitFileType = wrapper.application; includeInIndex = 0; path = Wander.app; sourceTree = BUILT_PRODUCTS_DIR; };
		1723A0E7232CB724007AE0CE /* AppDelegate.swift */ = {isa = PBXFileReference; lastKnownFileType = sourcecode.swift; path = AppDelegate.swift; sourceTree = "<group>"; };
		1723A0E9232CB724007AE0CE /* SceneDelegate.swift */ = {isa = PBXFileReference; lastKnownFileType = sourcecode.swift; path = SceneDelegate.swift; sourceTree = "<group>"; };
		1723A0EB232CB724007AE0CE /* ViewController.swift */ = {isa = PBXFileReference; lastKnownFileType = sourcecode.swift; path = ViewController.swift; sourceTree = "<group>"; };
		1723A0EE232CB724007AE0CE /* Base */ = {isa = PBXFileReference; lastKnownFileType = file.storyboard; name = Base; path = Base.lproj/Main.storyboard; sourceTree = "<group>"; };
		1723A0F0232CB726007AE0CE /* Assets.xcassets */ = {isa = PBXFileReference; lastKnownFileType = folder.assetcatalog; path = Assets.xcassets; sourceTree = "<group>"; };
		1723A0F3232CB726007AE0CE /* Base */ = {isa = PBXFileReference; lastKnownFileType = file.storyboard; name = Base; path = Base.lproj/LaunchScreen.storyboard; sourceTree = "<group>"; };
		1723A0F5232CB726007AE0CE /* Info.plist */ = {isa = PBXFileReference; lastKnownFileType = text.plist.xml; path = Info.plist; sourceTree = "<group>"; };
		1723A101232D21D9007AE0CE /* EventView.xib */ = {isa = PBXFileReference; lastKnownFileType = file.xib; path = EventView.xib; sourceTree = "<group>"; };
		1723A103232D222E007AE0CE /* EventView.swift */ = {isa = PBXFileReference; lastKnownFileType = sourcecode.swift; path = EventView.swift; sourceTree = "<group>"; };
		1723A105232D2B7B007AE0CE /* resturant.jpg */ = {isa = PBXFileReference; lastKnownFileType = image.jpeg; path = resturant.jpg; sourceTree = "<group>"; };
		174BCFB8232D67EB004D5F3A /* DetailViewController.swift */ = {isa = PBXFileReference; lastKnownFileType = sourcecode.swift; path = DetailViewController.swift; sourceTree = "<group>"; };
		174BCFBA232D7023004D5F3A /* UICornerRadiusView.swift */ = {isa = PBXFileReference; lastKnownFileType = sourcecode.swift; path = UICornerRadiusView.swift; sourceTree = "<group>"; };
		17CD12DC232D597900DCCAD0 /* UISwitchTintable.swift */ = {isa = PBXFileReference; lastKnownFileType = sourcecode.swift; path = UISwitchTintable.swift; sourceTree = "<group>"; };
		17CD12DE232D5DC400DCCAD0 /* GoogleService-Info.plist */ = {isa = PBXFileReference; fileEncoding = 4; lastKnownFileType = text.plist.xml; path = "GoogleService-Info.plist"; sourceTree = "<group>"; };
		17E2E6C4232D78B0006B22FF /* Wander.entitlements */ = {isa = PBXFileReference; lastKnownFileType = text.plist.entitlements; path = Wander.entitlements; sourceTree = "<group>"; };
		17E2E6C5232D8DA0006B22FF /* e7.jpg */ = {isa = PBXFileReference; lastKnownFileType = image.jpeg; path = e7.jpg; sourceTree = "<group>"; };
		17E2E6C7232D903A006B22FF /* DataManager.swift */ = {isa = PBXFileReference; lastKnownFileType = sourcecode.swift; path = DataManager.swift; sourceTree = "<group>"; };
		3D1A19C885C7B946710FB9C1 /* Pods-Wander.debug.xcconfig */ = {isa = PBXFileReference; includeInIndex = 1; lastKnownFileType = text.xcconfig; name = "Pods-Wander.debug.xcconfig"; path = "Target Support Files/Pods-Wander/Pods-Wander.debug.xcconfig"; sourceTree = "<group>"; };
		7A41E4684D73B3201403D0A2 /* Pods-Wander.release.xcconfig */ = {isa = PBXFileReference; includeInIndex = 1; lastKnownFileType = text.xcconfig; name = "Pods-Wander.release.xcconfig"; path = "Target Support Files/Pods-Wander/Pods-Wander.release.xcconfig"; sourceTree = "<group>"; };
/* End PBXFileReference section */

/* Begin PBXFrameworksBuildPhase section */
		1723A0E1232CB724007AE0CE /* Frameworks */ = {
			isa = PBXFrameworksBuildPhase;
			buildActionMask = 2147483647;
			files = (
				17CD12DB232D3A3500DCCAD0 /* ARCL in Frameworks */,
				B999E695AF9C314834A32753 /* Pods_Wander.framework in Frameworks */,
			);
			runOnlyForDeploymentPostprocessing = 0;
		};
/* End PBXFrameworksBuildPhase section */

/* Begin PBXGroup section */
		1723A0DB232CB724007AE0CE = {
			isa = PBXGroup;
			children = (
				1723A0E6232CB724007AE0CE /* Wander */,
				1723A0E5232CB724007AE0CE /* Products */,
				2FA14F7EB4313303274CB82B /* Pods */,
				79E878BE1DF22DCE42C4093D /* Frameworks */,
			);
			sourceTree = "<group>";
		};
		1723A0E5232CB724007AE0CE /* Products */ = {
			isa = PBXGroup;
			children = (
				1723A0E4232CB724007AE0CE /* Wander.app */,
			);
			name = Products;
			sourceTree = "<group>";
		};
		1723A0E6232CB724007AE0CE /* Wander */ = {
			isa = PBXGroup;
			children = (
				17E2E6C4232D78B0006B22FF /* Wander.entitlements */,
				1723A0E7232CB724007AE0CE /* AppDelegate.swift */,
				1723A0E9232CB724007AE0CE /* SceneDelegate.swift */,
				17E2E6C5232D8DA0006B22FF /* e7.jpg */,
				1723A0EB232CB724007AE0CE /* ViewController.swift */,
				1723A0ED232CB724007AE0CE /* Main.storyboard */,
				1723A0F0232CB726007AE0CE /* Assets.xcassets */,
				1723A105232D2B7B007AE0CE /* resturant.jpg */,
				1723A0F2232CB726007AE0CE /* LaunchScreen.storyboard */,
				1723A0F5232CB726007AE0CE /* Info.plist */,
				1723A101232D21D9007AE0CE /* EventView.xib */,
				1723A103232D222E007AE0CE /* EventView.swift */,
				17CD12DE232D5DC400DCCAD0 /* GoogleService-Info.plist */,
				17CD12DC232D597900DCCAD0 /* UISwitchTintable.swift */,
				174BCFB8232D67EB004D5F3A /* DetailViewController.swift */,
				174BCFBA232D7023004D5F3A /* UICornerRadiusView.swift */,
				17E2E6C7232D903A006B22FF /* DataManager.swift */,
				1702AC3F232E280000CFC89A /* CategoryViewController.swift */,
			);
			path = Wander;
			sourceTree = "<group>";
		};
		2FA14F7EB4313303274CB82B /* Pods */ = {
			isa = PBXGroup;
			children = (
				3D1A19C885C7B946710FB9C1 /* Pods-Wander.debug.xcconfig */,
				7A41E4684D73B3201403D0A2 /* Pods-Wander.release.xcconfig */,
			);
			path = Pods;
			sourceTree = "<group>";
		};
		79E878BE1DF22DCE42C4093D /* Frameworks */ = {
			isa = PBXGroup;
			children = (
				13C54C70AD1F5B0F43846334 /* Pods_Wander.framework */,
			);
			name = Frameworks;
			sourceTree = "<group>";
		};
/* End PBXGroup section */

/* Begin PBXNativeTarget section */
		1723A0E3232CB724007AE0CE /* Wander */ = {
			isa = PBXNativeTarget;
			buildConfigurationList = 1723A0F8232CB726007AE0CE /* Build configuration list for PBXNativeTarget "Wander" */;
			buildPhases = (
				377FA59403673C5AB5C5BBF4 /* [CP] Check Pods Manifest.lock */,
				1723A0E0232CB724007AE0CE /* Sources */,
				1723A0E1232CB724007AE0CE /* Frameworks */,
				1723A0E2232CB724007AE0CE /* Resources */,
				ED03A0508780D7BEA274B253 /* [CP] Embed Pods Frameworks */,
				04AFD24C8AD18C6F74EF4786 /* [CP] Copy Pods Resources */,
			);
			buildRules = (
			);
			dependencies = (
			);
			name = Wander;
			packageProductDependencies = (
				17CD12DA232D3A3500DCCAD0 /* ARCL */,
			);
			productName = Wander;
			productReference = 1723A0E4232CB724007AE0CE /* Wander.app */;
			productType = "com.apple.product-type.application";
		};
/* End PBXNativeTarget section */

/* Begin PBXProject section */
		1723A0DC232CB724007AE0CE /* Project object */ = {
			isa = PBXProject;
			attributes = {
				LastSwiftUpdateCheck = 1100;
				LastUpgradeCheck = 1100;
				ORGANIZATIONNAME = "Shahbaz Momi";
				TargetAttributes = {
					1723A0E3232CB724007AE0CE = {
						CreatedOnToolsVersion = 11.0;
					};
				};
			};
			buildConfigurationList = 1723A0DF232CB724007AE0CE /* Build configuration list for PBXProject "Wander" */;
			compatibilityVersion = "Xcode 9.3";
			developmentRegion = en;
			hasScannedForEncodings = 0;
			knownRegions = (
				en,
				Base,
			);
			mainGroup = 1723A0DB232CB724007AE0CE;
			packageReferences = (
				17CD12D9232D3A3500DCCAD0 /* XCRemoteSwiftPackageReference "ARKit-CoreLocation" */,
			);
			productRefGroup = 1723A0E5232CB724007AE0CE /* Products */;
			projectDirPath = "";
			projectRoot = "";
			targets = (
				1723A0E3232CB724007AE0CE /* Wander */,
			);
		};
/* End PBXProject section */

/* Begin PBXResourcesBuildPhase section */
		1723A0E2232CB724007AE0CE /* Resources */ = {
			isa = PBXResourcesBuildPhase;
			buildActionMask = 2147483647;
			files = (
				1723A0F4232CB726007AE0CE /* LaunchScreen.storyboard in Resources */,
				1723A0F1232CB726007AE0CE /* Assets.xcassets in Resources */,
				1723A0EF232CB724007AE0CE /* Main.storyboard in Resources */,
				1723A106232D2B7C007AE0CE /* resturant.jpg in Resources */,
				1723A102232D21D9007AE0CE /* EventView.xib in Resources */,
				17E2E6C6232D8DA0006B22FF /* e7.jpg in Resources */,
				17CD12DF232D5DC400DCCAD0 /* GoogleService-Info.plist in Resources */,
			);
			runOnlyForDeploymentPostprocessing = 0;
		};
/* End PBXResourcesBuildPhase section */

/* Begin PBXShellScriptBuildPhase section */
		04AFD24C8AD18C6F74EF4786 /* [CP] Copy Pods Resources */ = {
			isa = PBXShellScriptBuildPhase;
			buildActionMask = 2147483647;
			files = (
			);
			inputFileListPaths = (
				"${PODS_ROOT}/Target Support Files/Pods-Wander/Pods-Wander-resources-${CONFIGURATION}-input-files.xcfilelist",
			);
			name = "[CP] Copy Pods Resources";
			outputFileListPaths = (
				"${PODS_ROOT}/Target Support Files/Pods-Wander/Pods-Wander-resources-${CONFIGURATION}-output-files.xcfilelist",
			);
			runOnlyForDeploymentPostprocessing = 0;
			shellPath = /bin/sh;
			shellScript = "\"${PODS_ROOT}/Target Support Files/Pods-Wander/Pods-Wander-resources.sh\"\n";
			showEnvVarsInLog = 0;
		};
		377FA59403673C5AB5C5BBF4 /* [CP] Check Pods Manifest.lock */ = {
			isa = PBXShellScriptBuildPhase;
			buildActionMask = 2147483647;
			files = (
			);
			inputFileListPaths = (
			);
			inputPaths = (
				"${PODS_PODFILE_DIR_PATH}/Podfile.lock",
				"${PODS_ROOT}/Manifest.lock",
			);
			name = "[CP] Check Pods Manifest.lock";
			outputFileListPaths = (
			);
			outputPaths = (
				"$(DERIVED_FILE_DIR)/Pods-Wander-checkManifestLockResult.txt",
			);
			runOnlyForDeploymentPostprocessing = 0;
			shellPath = /bin/sh;
			shellScript = "diff \"${PODS_PODFILE_DIR_PATH}/Podfile.lock\" \"${PODS_ROOT}/Manifest.lock\" > /dev/null\nif [ $? != 0 ] ; then\n    # print error to STDERR\n    echo \"error: The sandbox is not in sync with the Podfile.lock. Run 'pod install' or update your CocoaPods installation.\" >&2\n    exit 1\nfi\n# This output is used by Xcode 'outputs' to avoid re-running this script phase.\necho \"SUCCESS\" > \"${SCRIPT_OUTPUT_FILE_0}\"\n";
			showEnvVarsInLog = 0;
		};
		ED03A0508780D7BEA274B253 /* [CP] Embed Pods Frameworks */ = {
			isa = PBXShellScriptBuildPhase;
			buildActionMask = 2147483647;
			files = (
			);
			inputFileListPaths = (
				"${PODS_ROOT}/Target Support Files/Pods-Wander/Pods-Wander-frameworks-${CONFIGURATION}-input-files.xcfilelist",
			);
			name = "[CP] Embed Pods Frameworks";
			outputFileListPaths = (
				"${PODS_ROOT}/Target Support Files/Pods-Wander/Pods-Wander-frameworks-${CONFIGURATION}-output-files.xcfilelist",
			);
			runOnlyForDeploymentPostprocessing = 0;
			shellPath = /bin/sh;
			shellScript = "\"${PODS_ROOT}/Target Support Files/Pods-Wander/Pods-Wander-frameworks.sh\"\n";
			showEnvVarsInLog = 0;
		};
/* End PBXShellScriptBuildPhase section */

/* Begin PBXSourcesBuildPhase section */
		1723A0E0232CB724007AE0CE /* Sources */ = {
			isa = PBXSourcesBuildPhase;
			buildActionMask = 2147483647;
			files = (
				1723A0EC232CB724007AE0CE /* ViewController.swift in Sources */,
				17E2E6C8232D903A006B22FF /* DataManager.swift in Sources */,
				1723A0E8232CB724007AE0CE /* AppDelegate.swift in Sources */,
				174BCFBB232D7023004D5F3A /* UICornerRadiusView.swift in Sources */,
				1723A0EA232CB724007AE0CE /* SceneDelegate.swift in Sources */,
				174BCFB9232D67EB004D5F3A /* DetailViewController.swift in Sources */,
				1723A104232D222E007AE0CE /* EventView.swift in Sources */,
				1702AC40232E280000CFC89A /* CategoryViewController.swift in Sources */,
				17CD12DD232D597900DCCAD0 /* UISwitchTintable.swift in Sources */,
			);
			runOnlyForDeploymentPostprocessing = 0;
		};
/* End PBXSourcesBuildPhase section */

/* Begin PBXVariantGroup section */
		1723A0ED232CB724007AE0CE /* Main.storyboard */ = {
			isa = PBXVariantGroup;
			children = (
				1723A0EE232CB724007AE0CE /* Base */,
			);
			name = Main.storyboard;
			sourceTree = "<group>";
		};
		1723A0F2232CB726007AE0CE /* LaunchScreen.storyboard */ = {
			isa = PBXVariantGroup;
			children = (
				1723A0F3232CB726007AE0CE /* Base */,
			);
			name = LaunchScreen.storyboard;
			sourceTree = "<group>";
		};
/* End PBXVariantGroup section */

/* Begin XCBuildConfiguration section */
		1723A0F6232CB726007AE0CE /* Debug */ = {
			isa = XCBuildConfiguration;
			buildSettings = {
				ALWAYS_SEARCH_USER_PATHS = NO;
				CLANG_ANALYZER_NONNULL = YES;
				CLANG_ANALYZER_NUMBER_OBJECT_CONVERSION = YES_AGGRESSIVE;
				CLANG_CXX_LANGUAGE_STANDARD = "gnu++14";
				CLANG_CXX_LIBRARY = "libc++";
				CLANG_ENABLE_MODULES = YES;
				CLANG_ENABLE_OBJC_ARC = YES;
				CLANG_ENABLE_OBJC_WEAK = YES;
				CLANG_WARN_BLOCK_CAPTURE_AUTORELEASING = YES;
				CLANG_WARN_BOOL_CONVERSION = YES;
				CLANG_WARN_COMMA = YES;
				CLANG_WARN_CONSTANT_CONVERSION = YES;
				CLANG_WARN_DEPRECATED_OBJC_IMPLEMENTATIONS = YES;
				CLANG_WARN_DIRECT_OBJC_ISA_USAGE = YES_ERROR;
				CLANG_WARN_DOCUMENTATION_COMMENTS = YES;
				CLANG_WARN_EMPTY_BODY = YES;
				CLANG_WARN_ENUM_CONVERSION = YES;
				CLANG_WARN_INFINITE_RECURSION = YES;
				CLANG_WARN_INT_CONVERSION = YES;
				CLANG_WARN_NON_LITERAL_NULL_CONVERSION = YES;
				CLANG_WARN_OBJC_IMPLICIT_RETAIN_SELF = YES;
				CLANG_WARN_OBJC_LITERAL_CONVERSION = YES;
				CLANG_WARN_OBJC_ROOT_CLASS = YES_ERROR;
				CLANG_WARN_RANGE_LOOP_ANALYSIS = YES;
				CLANG_WARN_STRICT_PROTOTYPES = YES;
				CLANG_WARN_SUSPICIOUS_MOVE = YES;
				CLANG_WARN_UNGUARDED_AVAILABILITY = YES_AGGRESSIVE;
				CLANG_WARN_UNREACHABLE_CODE = YES;
				CLANG_WARN__DUPLICATE_METHOD_MATCH = YES;
				COPY_PHASE_STRIP = NO;
				DEBUG_INFORMATION_FORMAT = dwarf;
				ENABLE_STRICT_OBJC_MSGSEND = YES;
				ENABLE_TESTABILITY = YES;
				GCC_C_LANGUAGE_STANDARD = gnu11;
				GCC_DYNAMIC_NO_PIC = NO;
				GCC_NO_COMMON_BLOCKS = YES;
				GCC_OPTIMIZATION_LEVEL = 0;
				GCC_PREPROCESSOR_DEFINITIONS = (
					"DEBUG=1",
					"$(inherited)",
				);
				GCC_WARN_64_TO_32_BIT_CONVERSION = YES;
				GCC_WARN_ABOUT_RETURN_TYPE = YES_ERROR;
				GCC_WARN_UNDECLARED_SELECTOR = YES;
				GCC_WARN_UNINITIALIZED_AUTOS = YES_AGGRESSIVE;
				GCC_WARN_UNUSED_FUNCTION = YES;
				GCC_WARN_UNUSED_VARIABLE = YES;
				IPHONEOS_DEPLOYMENT_TARGET = 13.0;
				MTL_ENABLE_DEBUG_INFO = INCLUDE_SOURCE;
				MTL_FAST_MATH = YES;
				ONLY_ACTIVE_ARCH = YES;
				SDKROOT = iphoneos;
				SWIFT_ACTIVE_COMPILATION_CONDITIONS = DEBUG;
				SWIFT_OPTIMIZATION_LEVEL = "-Onone";
			};
			name = Debug;
		};
		1723A0F7232CB726007AE0CE /* Release */ = {
			isa = XCBuildConfiguration;
			buildSettings = {
				ALWAYS_SEARCH_USER_PATHS = NO;
				CLANG_ANALYZER_NONNULL = YES;
				CLANG_ANALYZER_NUMBER_OBJECT_CONVERSION = YES_AGGRESSIVE;
				CLANG_CXX_LANGUAGE_STANDARD = "gnu++14";
				CLANG_CXX_LIBRARY = "libc++";
				CLANG_ENABLE_MODULES = YES;
				CLANG_ENABLE_OBJC_ARC = YES;
				CLANG_ENABLE_OBJC_WEAK = YES;
				CLANG_WARN_BLOCK_CAPTURE_AUTORELEASING = YES;
				CLANG_WARN_BOOL_CONVERSION = YES;
				CLANG_WARN_COMMA = YES;
				CLANG_WARN_CONSTANT_CONVERSION = YES;
				CLANG_WARN_DEPRECATED_OBJC_IMPLEMENTATIONS = YES;
				CLANG_WARN_DIRECT_OBJC_ISA_USAGE = YES_ERROR;
				CLANG_WARN_DOCUMENTATION_COMMENTS = YES;
				CLANG_WARN_EMPTY_BODY = YES;
				CLANG_WARN_ENUM_CONVERSION = YES;
				CLANG_WARN_INFINITE_RECURSION = YES;
				CLANG_WARN_INT_CONVERSION = YES;
				CLANG_WARN_NON_LITERAL_NULL_CONVERSION = YES;
				CLANG_WARN_OBJC_IMPLICIT_RETAIN_SELF = YES;
				CLANG_WARN_OBJC_LITERAL_CONVERSION = YES;
				CLANG_WARN_OBJC_ROOT_CLASS = YES_ERROR;
				CLANG_WARN_RANGE_LOOP_ANALYSIS = YES;
				CLANG_WARN_STRICT_PROTOTYPES = YES;
				CLANG_WARN_SUSPICIOUS_MOVE = YES;
				CLANG_WARN_UNGUARDED_AVAILABILITY = YES_AGGRESSIVE;
				CLANG_WARN_UNREACHABLE_CODE = YES;
				CLANG_WARN__DUPLICATE_METHOD_MATCH = YES;
				COPY_PHASE_STRIP = NO;
				DEBUG_INFORMATION_FORMAT = "dwarf-with-dsym";
				ENABLE_NS_ASSERTIONS = NO;
				ENABLE_STRICT_OBJC_MSGSEND = YES;
				GCC_C_LANGUAGE_STANDARD = gnu11;
				GCC_NO_COMMON_BLOCKS = YES;
				GCC_WARN_64_TO_32_BIT_CONVERSION = YES;
				GCC_WARN_ABOUT_RETURN_TYPE = YES_ERROR;
				GCC_WARN_UNDECLARED_SELECTOR = YES;
				GCC_WARN_UNINITIALIZED_AUTOS = YES_AGGRESSIVE;
				GCC_WARN_UNUSED_FUNCTION = YES;
				GCC_WARN_UNUSED_VARIABLE = YES;
				IPHONEOS_DEPLOYMENT_TARGET = 13.0;
				MTL_ENABLE_DEBUG_INFO = NO;
				MTL_FAST_MATH = YES;
				SDKROOT = iphoneos;
				SWIFT_COMPILATION_MODE = wholemodule;
				SWIFT_OPTIMIZATION_LEVEL = "-O";
				VALIDATE_PRODUCT = YES;
			};
			name = Release;
		};
		1723A0F9232CB726007AE0CE /* Debug */ = {
			isa = XCBuildConfiguration;
			baseConfigurationReference = 3D1A19C885C7B946710FB9C1 /* Pods-Wander.debug.xcconfig */;
			buildSettings = {
				ASSETCATALOG_COMPILER_APPICON_NAME = AppIcon;
				CODE_SIGN_ENTITLEMENTS = Wander/Wander.entitlements;
				CODE_SIGN_STYLE = Automatic;
				DEVELOPMENT_TEAM = RHS42V8T2R;
				INFOPLIST_FILE = Wander/Info.plist;
				LD_RUNPATH_SEARCH_PATHS = (
					"$(inherited)",
					"@executable_path/Frameworks",
				);
				PRODUCT_BUNDLE_IDENTIFIER = com.htn.Wander;
				PRODUCT_NAME = "$(TARGET_NAME)";
				SWIFT_VERSION = 5.0;
				TARGETED_DEVICE_FAMILY = "1,2";
			};
			name = Debug;
		};
		1723A0FA232CB726007AE0CE /* Release */ = {
			isa = XCBuildConfiguration;
			baseConfigurationReference = 7A41E4684D73B3201403D0A2 /* Pods-Wander.release.xcconfig */;
			buildSettings = {
				ASSETCATALOG_COMPILER_APPICON_NAME = AppIcon;
				CODE_SIGN_ENTITLEMENTS = Wander/Wander.entitlements;
				CODE_SIGN_STYLE = Automatic;
				DEVELOPMENT_TEAM = RHS42V8T2R;
				INFOPLIST_FILE = Wander/Info.plist;
				LD_RUNPATH_SEARCH_PATHS = (
					"$(inherited)",
					"@executable_path/Frameworks",
				);
				PRODUCT_BUNDLE_IDENTIFIER = com.htn.Wander;
				PRODUCT_NAME = "$(TARGET_NAME)";
				SWIFT_VERSION = 5.0;
				TARGETED_DEVICE_FAMILY = "1,2";
			};
			name = Release;
		};
/* End XCBuildConfiguration section */

/* Begin XCConfigurationList section */
		1723A0DF232CB724007AE0CE /* Build configuration list for PBXProject "Wander" */ = {
			isa = XCConfigurationList;
			buildConfigurations = (
				1723A0F6232CB726007AE0CE /* Debug */,
				1723A0F7232CB726007AE0CE /* Release */,
			);
			defaultConfigurationIsVisible = 0;
			defaultConfigurationName = Release;
		};
		1723A0F8232CB726007AE0CE /* Build configuration list for PBXNativeTarget "Wander" */ = {
			isa = XCConfigurationList;
			buildConfigurations = (
				1723A0F9232CB726007AE0CE /* Debug */,
				1723A0FA232CB726007AE0CE /* Release */,
			);
			defaultConfigurationIsVisible = 0;
			defaultConfigurationName = Release;
		};
/* End XCConfigurationList section */

/* Begin XCRemoteSwiftPackageReference section */
		17CD12D9232D3A3500DCCAD0 /* XCRemoteSwiftPackageReference "ARKit-CoreLocation" */ = {
			isa = XCRemoteSwiftPackageReference;
			repositoryURL = "https://github.com/ProjectDent/ARKit-CoreLocation.git";
			requirement = {
				kind = upToNextMajorVersion;
				minimumVersion = 1.2.1;
			};
		};
/* End XCRemoteSwiftPackageReference section */

/* Begin XCSwiftPackageProductDependency section */
		17CD12DA232D3A3500DCCAD0 /* ARCL */ = {
			isa = XCSwiftPackageProductDependency;
			package = 17CD12D9232D3A3500DCCAD0 /* XCRemoteSwiftPackageReference "ARKit-CoreLocation" */;
			productName = ARCL;
		};
/* End XCSwiftPackageProductDependency section */
	};
	rootObject = 1723A0DC232CB724007AE0CE /* Project object */;
}
